
Microsoft Visual Studio Solution File, Format Version 12.00
# Visual Studio Version 17
VisualStudioVersion = 17.6.33723.286
MinimumVisualStudioVersion = 10.0.40219.1
Project("{FAE04EC0-301F-11D3-BF4B-00C04F79EFBC}") = "UI", "CountryStateCityTK\UI.csproj", "{90E0CDBF-7D97-45EB-80F7-1ACB5936EA60}"
EndProject
Project("{FAE04EC0-301F-11D3-BF4B-00C04F79EFBC}") = "BAL", "BAL\BAL.csproj", "{026F531F-6A30-4E69-BACF-6ED72551BCC5}"
EndProject
Project("{FAE04EC0-301F-11D3-BF4B-00C04F79EFBC}") = "DAL", "DAL\DAL.csproj", "{6790A3DB-A26B-43A3-8511-C6FE43CEEE10}"
EndProject
Global
	GlobalSection(SolutionConfigurationPlatforms) = preSolution
		Debug|Any CPU = Debug|Any CPU
		Release|Any CPU = Release|Any CPU
	EndGlobalSection
	GlobalSection(ProjectConfigurationPlatforms) = postSolution
		{90E0CDBF-7D97-45EB-80F7-1ACB5936EA60}.Debug|Any CPU.ActiveCfg = Debug|Any CPU
		{90E0CDBF-7D97-45EB-80F7-1ACB5936EA60}.Debug|Any CPU.Build.0 = Debug|Any CPU
		{90E0CDBF-7D97-45EB-80F7-1ACB5936EA60}.Release|Any CPU.ActiveCfg = Release|Any CPU
		{90E0CDBF-7D97-45EB-80F7-1ACB5936EA60}.Release|Any CPU.Build.0 = Release|Any CPU
		{026F531F-6A30-4E69-BACF-6ED72551BCC5}.Debug|Any CPU.ActiveCfg = Debug|Any CPU
		{026F531F-6A30-4E69-BACF-6ED72551BCC5}.Debug|Any CPU.Build.0 = Debug|Any CPU
		{026F531F-6A30-4E69-BACF-6ED72551BCC5}.Release|Any CPU.ActiveCfg = Release|Any CPU
		{026F531F-6A30-4E69-BACF-6ED72551BCC5}.Release|Any CPU.Build.0 = Release|Any CPU
		{6790A3DB-A26B-43A3-8511-C6FE43CEEE10}.Debug|Any CPU.ActiveCfg = Debug|Any CPU
		{6790A3DB-A26B-43A3-8511-C6FE43CEEE10}.Debug|Any CPU.Build.0 = Debug|Any CPU
		{6790A3DB-A26B-43A3-8511-C6FE43CEEE10}.Release|Any CPU.ActiveCfg = Release|Any CPU
		{6790A3DB-A26B-43A3-8511-C6FE43CEEE10}.Release|Any CPU.Build.0 = Release|Any CPU
	EndGlobalSection
	GlobalSection(SolutionProperties) = preSolution
		HideSolutionNode = FALSE
	EndGlobalSection
	GlobalSection(ExtensibilityGlobals) = postSolution
		SolutionGuid = {DB24A6CA-53DE-48AF-9F3E-B08587F763D8}
	EndGlobalSection
EndGlobal
